
Microsoft Visual Studio Solution File, Format Version 12.00
# Visual Studio Version 16
VisualStudioVersion = 16.0.29509.3
MinimumVisualStudioVersion = 10.0.40219.1
Project("{9A19103F-16F7-4668-BE54-9A1E7A4F7556}") = "Test", "Test\Test.csproj", "{12F01563-599D-4C84-819B-92BDB615901B}"
EndProject
Project("{FAE04EC0-301F-11D3-BF4B-00C04F79EFBC}") = "NeuralWebApi", "NeuralWebApi\NeuralWebApi.csproj", "{2166426D-CC57-4BB7-A9B3-1556784C843B}"
EndProject
Global
	GlobalSection(SolutionConfigurationPlatforms) = preSolution
		Debug|Any CPU = Debug|Any CPU
		Release|Any CPU = Release|Any CPU
	EndGlobalSection
	GlobalSection(ProjectConfigurationPlatforms) = postSolution
		{12F01563-599D-4C84-819B-92BDB615901B}.Debug|Any CPU.ActiveCfg = Debug|Any CPU
		{12F01563-599D-4C84-819B-92BDB615901B}.Debug|Any CPU.Build.0 = Debug|Any CPU
		{12F01563-599D-4C84-819B-92BDB615901B}.Release|Any CPU.ActiveCfg = Release|Any CPU
		{12F01563-599D-4C84-819B-92BDB615901B}.Release|Any CPU.Build.0 = Release|Any CPU
		{2166426D-CC57-4BB7-A9B3-1556784C843B}.Debug|Any CPU.ActiveCfg = Debug|Any CPU
		{2166426D-CC57-4BB7-A9B3-1556784C843B}.Debug|Any CPU.Build.0 = Debug|Any CPU
		{2166426D-CC57-4BB7-A9B3-1556784C843B}.Release|Any CPU.ActiveCfg = Release|Any CPU
		{2166426D-CC57-4BB7-A9B3-1556784C843B}.Release|Any CPU.Build.0 = Release|Any CPU
	EndGlobalSection
	GlobalSection(SolutionProperties) = preSolution
		HideSolutionNode = FALSE
	EndGlobalSection
	GlobalSection(ExtensibilityGlobals) = postSolution
		SolutionGuid = {780FAFF4-4F93-438C-AF33-21222899EA0F}
	EndGlobalSection
EndGlobal
